
Microsoft Visual Studio Solution File, Format Version 12.00
# Visual Studio Version 17
VisualStudioVersion = 17.3.32929.385
MinimumVisualStudioVersion = 10.0.40219.1
Project("{FAE04EC0-301F-11D3-BF4B-00C04F79EFBC}") = "WebBook", "WebBook\WebBook.csproj", "{6ECEE5C2-1CC9-4622-86AE-6A3B21F34ED5}"
EndProject
Global
	GlobalSection(SolutionConfigurationPlatforms) = preSolution
		Debug|Any CPU = Debug|Any CPU
		Release|Any CPU = Release|Any CPU
	EndGlobalSection
	GlobalSection(ProjectConfigurationPlatforms) = postSolution
		{6ECEE5C2-1CC9-4622-86AE-6A3B21F34ED5}.Debug|Any CPU.ActiveCfg = Debug|Any CPU
		{6ECEE5C2-1CC9-4622-86AE-6A3B21F34ED5}.Debug|Any CPU.Build.0 = Debug|Any CPU
		{6ECEE5C2-1CC9-4622-86AE-6A3B21F34ED5}.Release|Any CPU.ActiveCfg = Release|Any CPU
		{6ECEE5C2-1CC9-4622-86AE-6A3B21F34ED5}.Release|Any CPU.Build.0 = Release|Any CPU
	EndGlobalSection
	GlobalSection(SolutionProperties) = preSolution
		HideSolutionNode = FALSE
	EndGlobalSection
	GlobalSection(ExtensibilityGlobals) = postSolution
		SolutionGuid = {DC402CE0-7325-4F84-9FA3-FA39F3FA9DC5}
	EndGlobalSection
EndGlobal
